
Microsoft Visual Studio Solution File, Format Version 12.00
# Visual Studio Version 17
VisualStudioVersion = 17.14.36301.6 d17.14
MinimumVisualStudioVersion = 10.0.40219.1
Project("{FAE04EC0-301F-11D3-BF4B-00C04F79EFBC}") = "EghalTech", "EghalTech\EghalTech.csproj", "{76D90150-516F-4A1B-AD55-20088AEF4BC8}"
EndProject
Global
	GlobalSection(SolutionConfigurationPlatforms) = preSolution
		Debug|Any CPU = Debug|Any CPU
		Release|Any CPU = Release|Any CPU
	EndGlobalSection
	GlobalSection(ProjectConfigurationPlatforms) = postSolution
		{76D90150-516F-4A1B-AD55-20088AEF4BC8}.Debug|Any CPU.ActiveCfg = Debug|Any CPU
		{76D90150-516F-4A1B-AD55-20088AEF4BC8}.Debug|Any CPU.Build.0 = Debug|Any CPU
		{76D90150-516F-4A1B-AD55-20088AEF4BC8}.Release|Any CPU.ActiveCfg = Release|Any CPU
		{76D90150-516F-4A1B-AD55-20088AEF4BC8}.Release|Any CPU.Build.0 = Release|Any CPU
	EndGlobalSection
	GlobalSection(SolutionProperties) = preSolution
		HideSolutionNode = FALSE
	EndGlobalSection
	GlobalSection(ExtensibilityGlobals) = postSolution
		SolutionGuid = {B890478D-EC06-4B31-997B-96479DB0B681}
	EndGlobalSection
EndGlobal
